
Microsoft Visual Studio Solution File, Format Version 12.00
# Visual Studio Version 17
VisualStudioVersion = 17.2.32630.192
MinimumVisualStudioVersion = 10.0.40219.1
Project("{FAE04EC0-301F-11D3-BF4B-00C04F79EFBC}") = "LeaveManagement", "LeaveManagement\LeaveManagement.csproj", "{F108C479-54D4-46EF-890C-74338069DC39}"
EndProject
Global
	GlobalSection(SolutionConfigurationPlatforms) = preSolution
		Debug|Any CPU = Debug|Any CPU
		Release|Any CPU = Release|Any CPU
	EndGlobalSection
	GlobalSection(ProjectConfigurationPlatforms) = postSolution
		{F108C479-54D4-46EF-890C-74338069DC39}.Debug|Any CPU.ActiveCfg = Debug|Any CPU
		{F108C479-54D4-46EF-890C-74338069DC39}.Debug|Any CPU.Build.0 = Debug|Any CPU
		{F108C479-54D4-46EF-890C-74338069DC39}.Release|Any CPU.ActiveCfg = Release|Any CPU
		{F108C479-54D4-46EF-890C-74338069DC39}.Release|Any CPU.Build.0 = Release|Any CPU
	EndGlobalSection
	GlobalSection(SolutionProperties) = preSolution
		HideSolutionNode = FALSE
	EndGlobalSection
	GlobalSection(ExtensibilityGlobals) = postSolution
		SolutionGuid = {B011C13C-BEB7-432A-B534-1A2A16688C66}
	EndGlobalSection
EndGlobal
